# THIS IS AN AUTOGENERATED FILE. DO NOT EDIT THIS FILE DIRECTLY.
# yarn lockfile v1


"@parcel/watcher-linux-x64-glibc@2.5.6":
  version "2.5.6"
  resolved "https://registry.npmjs.org/@parcel/watcher-linux-x64-glibc/-/watcher-linux-x64-glibc-2.5.6.tgz"
  integrity sha512-kbT5wvNQlx7NaGjzPFu8nVIW1rWqV780O7ZtkjuWaPUgpv2NMFpjYERVi0UYj1msZNyCzGlaCWEtzc+exjMGbQ==

"@parcel/watcher-linux-x64-musl@2.5.6":
  version "2.5.6"
  resolved "https://registry.npmjs.org/@parcel/watcher-linux-x64-musl/-/watcher-linux-x64-musl-2.5.6.tgz"
  integrity sha512-1JRFeC+h7RdXwldHzTsmdtYR/Ku8SylLgTU/reMuqdVD7CtLwf0VR1FqeprZ0eHQkO0vqsbvFLXUmYm/uNKJBg==

"@parcel/watcher@^2.4.1":
  version "2.5.6"
  resolved "https://registry.npmjs.org/@parcel/watcher/-/watcher-2.5.6.tgz"
  integrity sha512-tmmZ3lQxAe/k/+rNnXQRawJ4NjxO2hqiOLTHvWchtGZULp4RyFeh6aU4XdOYBFe2KE1oShQTv4AblOs2iOrNnQ==
  dependencies:
    detect-libc "^2.0.3"
    is-glob "^4.0.3"
    node-addon-api "^7.0.0"
    picomatch "^4.0.3"
  optionalDependencies:
    "@parcel/watcher-android-arm64" "2.5.6"
    "@parcel/watcher-darwin-arm64" "2.5.6"
    "@parcel/watcher-darwin-x64" "2.5.6"
    "@parcel/watcher-freebsd-x64" "2.5.6"
    "@parcel/watcher-linux-arm-glibc" "2.5.6"
    "@parcel/watcher-linux-arm-musl" "2.5.6"
    "@parcel/watcher-linux-arm64-glibc" "2.5.6"
    "@parcel/watcher-linux-arm64-musl" "2.5.6"
    "@parcel/watcher-linux-x64-glibc" "2.5.6"
    "@parcel/watcher-linux-x64-musl" "2.5.6"
    "@parcel/watcher-win32-arm64" "2.5.6"
    "@parcel/watcher-win32-ia32" "2.5.6"
    "@parcel/watcher-win32-x64" "2.5.6"

"@rollup/plugin-typescript@^12.3.0":
  version "12.3.0"
  resolved "https://registry.npmjs.org/@rollup/plugin-typescript/-/plugin-typescript-12.3.0.tgz"
  integrity sha512-7DP0/p7y3t67+NabT9f8oTBFE6gGkto4SA6Np2oudYmZE/m1dt8RB0SjL1msMxFpLo631qjRCcBlAbq1ml/Big==
  dependencies:
    "@rollup/pluginutils" "^5.1.0"
    resolve "^1.22.1"

"@rollup/pluginutils@^5.1.0":
  version "5.3.0"
  resolved "https://registry.npmjs.org/@rollup/pluginutils/-/pluginutils-5.3.0.tgz"
  integrity sha512-5EdhGZtnu3V88ces7s53hhfK5KSASnJZv8Lulpc04cWO3REESroJXg73DFsOmgbU2BhwV0E20bu2IDZb3VKW4Q==
  dependencies:
    "@types/estree" "^1.0.0"
    estree-walker "^2.0.2"
    picomatch "^4.0.2"

"@rollup/rollup-linux-x64-gnu@4.57.1":
  version "4.57.1"
  resolved "https://registry.npmjs.org/@rollup/rollup-linux-x64-gnu/-/rollup-linux-x64-gnu-4.57.1.tgz"
  integrity sha512-ABca4ceT4N+Tv/GtotnWAeXZUZuM/9AQyCyKYyKnpk4yoA7QIAuBt6Hkgpw8kActYlew2mvckXkvx0FfoInnLg==

"@types/estree@^1.0.0", "@types/estree@1.0.8":
  version "1.0.8"
  resolved "https://registry.npmjs.org/@types/estree/-/estree-1.0.8.tgz"
  integrity sha512-dWHzHa2WqEXI/O1E9OjrocMTKJl2mSrEolh1Iomrv6U+JuNwaHXsXx9bLu5gG7BUWFIN0skIQJQ/L1rIex4X6w==

chokidar@^4.0.0:
  version "4.0.3"
  resolved "https://registry.npmjs.org/chokidar/-/chokidar-4.0.3.tgz"
  integrity sha512-Qgzu8kfBvo+cA4962jnP1KkS6Dop5NS6g7R5LFYJr4b8Ub94PPQXUksCw9PvXoeXPRRddRNC5C1JQUR2SMGtnA==
  dependencies:
    readdirp "^4.0.1"

detect-libc@^2.0.3:
  version "2.1.2"
  resolved "https://registry.npmjs.org/detect-libc/-/detect-libc-2.1.2.tgz"
  integrity sha512-Btj2BOOO83o3WyH59e8MgXsxEQVcarkUOpEYrubB0urwnN10yQ364rsiByU11nZlqWYZm05i/of7io4mzihBtQ==

estree-walker@^2.0.2:
  version "2.0.2"
  resolved "https://registry.npmjs.org/estree-walker/-/estree-walker-2.0.2.tgz"
  integrity sha512-Rfkk/Mp/DL7JVje3u18FxFujQlTNR2q6QfMSMB7AvCBx91NGj/ba3kCfza0f6dVDbw7YlRf/nDrn7pQrCCyQ/w==

function-bind@^1.1.2:
  version "1.1.2"
  resolved "https://registry.npmjs.org/function-bind/-/function-bind-1.1.2.tgz"
  integrity sha512-7XHNxH7qX9xG5mIwxkhumTox/MIRNcOgDrxWsMt2pAr23WHp6MrRlN7FBSFpCpr+oVO0F744iUgR82nJMfG2SA==

hasown@^2.0.2:
  version "2.0.2"
  resolved "https://registry.npmjs.org/hasown/-/hasown-2.0.2.tgz"
  integrity sha512-0hJU9SCPvmMzIBdZFqNPXWa6dqh7WdH0cII9y+CyS8rG3nL48Bclra9HmKhVVUHyPWNH5Y7xDwAB7bfgSjkUMQ==
  dependencies:
    function-bind "^1.1.2"

immutable@^5.0.2:
  version "5.1.4"
  resolved "https://registry.npmjs.org/immutable/-/immutable-5.1.4.tgz"
  integrity sha512-p6u1bG3YSnINT5RQmx/yRZBpenIl30kVxkTLDyHLIMk0gict704Q9n+thfDI7lTRm9vXdDYutVzXhzcThxTnXA==

is-core-module@^2.16.1:
  version "2.16.1"
  resolved "https://registry.npmjs.org/is-core-module/-/is-core-module-2.16.1.tgz"
  integrity sha512-UfoeMA6fIJ8wTYFEUjelnaGI67v6+N7qXJEvQuIGa99l4xsCruSYOVSQ0uPANn4dAzm8lkYPaKLrrijLq7x23w==
  dependencies:
    hasown "^2.0.2"

is-extglob@^2.1.1:
  version "2.1.1"
  resolved "https://registry.npmjs.org/is-extglob/-/is-extglob-2.1.1.tgz"
  integrity sha512-SbKbANkN603Vi4jEZv49LeVJMn4yGwsbzZworEoyEiutsN3nJYdbO36zfhGJ6QEDpOZIFkDtnq5JRxmvl3jsoQ==

is-glob@^4.0.3:
  version "4.0.3"
  resolved "https://registry.npmjs.org/is-glob/-/is-glob-4.0.3.tgz"
  integrity sha512-xelSayHH36ZgE7ZWhli7pW34hNbNl8Ojv5KVmkJD4hBdD3th8Tfk9vYasLM+mXWOZhFkgZfxhLSnrwRr4elSSg==
  dependencies:
    is-extglob "^2.1.1"

node-addon-api@^7.0.0:
  version "7.1.1"
  resolved "https://registry.npmjs.org/node-addon-api/-/node-addon-api-7.1.1.tgz"
  integrity sha512-5m3bsyrjFWE1xf7nz7YXdN4udnVtXK6/Yfgn5qnahL6bCkf2yKt4k3nuTKAtT4r3IG8JNR2ncsIMdZuAzJjHQQ==

path-parse@^1.0.7:
  version "1.0.7"
  resolved "https://registry.npmjs.org/path-parse/-/path-parse-1.0.7.tgz"
  integrity sha512-LDJzPVEEEPR+y48z93A0Ed0yXb8pAByGWo/k5YYdYgpY2/2EsOsksJrq7lOHxryrVOn1ejG6oAp8ahvOIQD8sw==

picomatch@^4.0.2, picomatch@^4.0.3:
  version "4.0.3"
  resolved "https://registry.npmjs.org/picomatch/-/picomatch-4.0.3.tgz"
  integrity sha512-5gTmgEY/sqK6gFXLIsQNH19lWb4ebPDLA4SdLP7dsWkIXHWlG66oPuVvXSGFPppYZz8ZDZq0dYYrbHfBCVUb1Q==

readdirp@^4.0.1:
  version "4.1.2"
  resolved "https://registry.npmjs.org/readdirp/-/readdirp-4.1.2.tgz"
  integrity sha512-GDhwkLfywWL2s6vEjyhri+eXmfH6j1L7JE27WhqLeYzoh/A3DBaYGEj2H/HFZCn/kMfim73FXxEJTw06WtxQwg==

resolve@^1.22.1:
  version "1.22.11"
  resolved "https://registry.npmjs.org/resolve/-/resolve-1.22.11.tgz"
  integrity sha512-RfqAvLnMl313r7c9oclB1HhUEAezcpLjz95wFH4LVuhk9JF/r22qmVP9AMmOU4vMX7Q8pN8jwNg/CSpdFnMjTQ==
  dependencies:
    is-core-module "^2.16.1"
    path-parse "^1.0.7"
    supports-preserve-symlinks-flag "^1.0.0"

rollup@^1.20.0||^2.0.0||^3.0.0||^4.0.0, rollup@^2.14.0||^3.0.0||^4.0.0, rollup@^4.53.3:
  version "4.57.1"
  resolved "https://registry.npmjs.org/rollup/-/rollup-4.57.1.tgz"
  integrity sha512-oQL6lgK3e2QZeQ7gcgIkS2YZPg5slw37hYufJ3edKlfQSGGm8ICoxswK15ntSzF/a8+h7ekRy7k7oWc3BQ7y8A==
  dependencies:
    "@types/estree" "1.0.8"
  optionalDependencies:
    "@rollup/rollup-android-arm-eabi" "4.57.1"
    "@rollup/rollup-android-arm64" "4.57.1"
    "@rollup/rollup-darwin-arm64" "4.57.1"
    "@rollup/rollup-darwin-x64" "4.57.1"
    "@rollup/rollup-freebsd-arm64" "4.57.1"
    "@rollup/rollup-freebsd-x64" "4.57.1"
    "@rollup/rollup-linux-arm-gnueabihf" "4.57.1"
    "@rollup/rollup-linux-arm-musleabihf" "4.57.1"
    "@rollup/rollup-linux-arm64-gnu" "4.57.1"
    "@rollup/rollup-linux-arm64-musl" "4.57.1"
    "@rollup/rollup-linux-loong64-gnu" "4.57.1"
    "@rollup/rollup-linux-loong64-musl" "4.57.1"
    "@rollup/rollup-linux-ppc64-gnu" "4.57.1"
    "@rollup/rollup-linux-ppc64-musl" "4.57.1"
    "@rollup/rollup-linux-riscv64-gnu" "4.57.1"
    "@rollup/rollup-linux-riscv64-musl" "4.57.1"
    "@rollup/rollup-linux-s390x-gnu" "4.57.1"
    "@rollup/rollup-linux-x64-gnu" "4.57.1"
    "@rollup/rollup-linux-x64-musl" "4.57.1"
    "@rollup/rollup-openbsd-x64" "4.57.1"
    "@rollup/rollup-openharmony-arm64" "4.57.1"
    "@rollup/rollup-win32-arm64-msvc" "4.57.1"
    "@rollup/rollup-win32-ia32-msvc" "4.57.1"
    "@rollup/rollup-win32-x64-gnu" "4.57.1"
    "@rollup/rollup-win32-x64-msvc" "4.57.1"
    fsevents "~2.3.2"

sass@^1.71.0:
  version "1.97.3"
  resolved "https://registry.npmjs.org/sass/-/sass-1.97.3.tgz"
  integrity sha512-fDz1zJpd5GycprAbu4Q2PV/RprsRtKC/0z82z0JLgdytmcq0+ujJbJ/09bPGDxCLkKY3Np5cRAOcWiVkLXJURg==
  dependencies:
    chokidar "^4.0.0"
    immutable "^5.0.2"
    source-map-js ">=0.6.2 <2.0.0"
  optionalDependencies:
    "@parcel/watcher" "^2.4.1"

"source-map-js@>=0.6.2 <2.0.0":
  version "1.2.1"
  resolved "https://registry.npmjs.org/source-map-js/-/source-map-js-1.2.1.tgz"
  integrity sha512-UXWMKhLOwVKb728IUtQPXxfYU+usdybtUrK/8uGE8CQMvrhOpwvzDBwj0QhSL7MQc7vIsISBG8VQ8+IDQxpfQA==

supports-preserve-symlinks-flag@^1.0.0:
  version "1.0.0"
  resolved "https://registry.npmjs.org/supports-preserve-symlinks-flag/-/supports-preserve-symlinks-flag-1.0.0.tgz"
  integrity sha512-ot0WnXS9fgdkgIcePe6RHNk1WA8+muPa6cSjeR3V8K27q9BB1rTE3R1p7Hv0z1ZyAc8s6Vvv8DIyWf681MAt0w==

tslib@*, tslib@^2.8.1:
  version "2.8.1"
  resolved "https://registry.npmjs.org/tslib/-/tslib-2.8.1.tgz"
  integrity sha512-oJFu94HQb+KVduSUQL7wnpmqnfmLsOA/nAh6b6EH0wCEoK0/mPeXU6c3wKDV83MkOuHPRHtSXKKU99IBazS/2w==

typescript@^5.3.3, typescript@>=3.7.0:
  version "5.9.3"
  resolved "https://registry.npmjs.org/typescript/-/typescript-5.9.3.tgz"
  integrity sha512-jl1vZzPDinLr9eUt3J/t7V6FgNEw9QjvBPdysz9KfQDD41fQrC2Y4vKQdiaUpFT4bXlb1RHhLpp8wtm6M5TgSw==
